# This file is automatically @generated by Cargo.
# It is not intended for manual editing.
version = 4

[[package]]
name = "aes"
version = "0.8.4"
source = "registry+https://github.com/rust-lang/crates.io-index"
checksum = "b169f7a6d4742236a0a00c541b845991d0ac43e546831af1249753ab4c3aa3a0"
dependencies = [
 "cfg-if",
 "cipher",
 "cpufeatures",
]

[[package]]
name = "base64"
version = "0.23.1"
source = "registry+https://github.com/rust-lang/crates.io-index"
checksum = "ac07cdecf99051d9a5238b80f35af32cdeba5b336e55d957b318b50137e18da5"

[[package]]
name = "bitflags"
version = "2.13.2"
source = "registry+https://github.com/rust-lang/crates.io-index"
checksum = "3ded4057c258ba199e2d26386d3af3780957ecaee6c4ef4041c6b4b8b97c0b06"

[[package]]
name = "block-padding"
version = "0.3.3"
source = "registry+https://github.com/rust-lang/crates.io-index"
checksum = "a8894febbff9f758034a5b8e12d87918f56dfc64a8e1fe757d65e29041538d93"
dependencies = [
 "generic-array",
]

[[package]]
name = "bytemuck"
version = "1.25.2"
source = "registry+https://github.com/rust-lang/crates.io-index"
checksum = "95832e849adfb21180ccb6826a99da14e5d266ae5c2e668e1602cf234f153797"

[[package]]
name = "bytes"
version = "1.12.1"
source = "registry+https://github.com/rust-lang/crates.io-index"
checksum = "fc652a48c352aef3ea3aed32080501cf3ef6ed5da78602a020c991775b0aff04"

[[package]]
name = "cbc"
version = "0.1.2"
source = "registry+https://github.com/rust-lang/crates.io-index"
checksum = "26b52a9543ae338f279b96b0b9fed9c8093744685043739079ce85cd58f289a6"
dependencies = [
 "cipher",
]

[[package]]
name = "cc"
version = "1.6.0"
source = "registry+https://github.com/rust-lang/crates.io-index"
checksum = "f74872d07caf508b30a21f6836e7d7016a2eaf7d9ff4f48deaa58cd8a0407630"
dependencies = [
 "find-msvc-tools",
 "shlex",
]

[[package]]
name = "cfg-if"
version = "1.0.5"
source = "registry+https://github.com/rust-lang/crates.io-index"
checksum = "4e7648175b45a9a48536d676f68d918270699102aa8dab5496df06904c914600"

[[package]]
name = "cipher"
version = "0.4.4"
source = "registry+https://github.com/rust-lang/crates.io-index"
checksum = "773f3b9af64447d2ce9850330c473515014aa235e6a783b02db81ff39e4a3dad"
dependencies = [
 "crypto-common",
 "inout",
]

[[package]]
name = "codec-mlp"
version = "0.1.0"
dependencies = [
 "md5",
 "oxideav-core",
 "oxideav-mkv",
 "refcheck",
]

[[package]]
name = "codecs"
version = "0.1.0"
dependencies = [
 "codec-mlp",
 "demux-asf",
 "demux-misc",
 "oxideav-aac",
 "oxideav-ac3",
 "oxideav-adpcm",
 "oxideav-ape",
 "oxideav-ass",
 "oxideav-av1",
 "oxideav-avi",
 "oxideav-basic",
 "oxideav-cinepak",
 "oxideav-cook",
 "oxideav-core",
 "oxideav-dirac",
 "oxideav-dts",
 "oxideav-dvd",
 "oxideav-flac",
 "oxideav-flv",
 "oxideav-g711",
 "oxideav-h261",
 "oxideav-h263",
 "oxideav-h264",
 "oxideav-h265",
 "oxideav-iff",
 "oxideav-indeo",
 "oxideav-midi",
 "oxideav-mjpeg",
 "oxideav-mkv",
 "oxideav-mod",
 "oxideav-mov",
 "oxideav-mp1",
 "oxideav-mp2",
 "oxideav-mp3",
 "oxideav-mp4",
 "oxideav-mpeg12video",
 "oxideav-mpeg4video",
 "oxideav-mpegts",
 "oxideav-msmpeg4",
 "oxideav-musepack",
 "oxideav-ogg",
 "oxideav-opus",
 "oxideav-s3m",
 "oxideav-speex",
 "oxideav-sub-image",
 "oxideav-subtitle",
 "oxideav-svq",
 "oxideav-theora",
 "oxideav-tta",
 "oxideav-vc2",
 "oxideav-vorbis",
 "oxideav-vp6",
 "oxideav-vp8",
 "oxideav-vp9",
 "oxideav-wavpack",
 "oxideav-wma",
]

[[package]]
name = "compcol"
version = "0.6.11"
source = "registry+https://github.com/rust-lang/crates.io-index"
checksum = "f6f29da98742f258743e8bb44b09f0cc1cbca2591e709b1bb85ccd6e9111f431"

[[package]]
name = "cpufeatures"
version = "0.2.17"
source = "registry+https://github.com/rust-lang/crates.io-index"
checksum = "59ed5838eebb26a2bb2e58f6d5b5316989ae9d08bab10e0e6d103e656d1b0280"
dependencies = [
 "libc",
]

[[package]]
name = "crypto-common"
version = "0.1.7"
source = "registry+https://github.com/rust-lang/crates.io-index"
checksum = "78c8292055d1c1df0cce5d180393dc8cce0abec0a7102adb6c7b1eef6016d60a"
dependencies = [
 "generic-array",
 "typenum",
]

[[package]]
name = "ctr"
version = "0.9.2"
source = "registry+https://github.com/rust-lang/crates.io-index"
checksum = "0369ee1ad671834580515889b80f2ea915f23b8be8d0daa4bbaf2ac5c7590835"
dependencies = [
 "cipher",
]

[[package]]
name = "demux-asf"
version = "0.1.0"
dependencies = [
 "oxideav-core",
 "refcheck",
]

[[package]]
name = "demux-misc"
version = "0.1.0"
dependencies = [
 "codecs",
 "oxideav-core",
 "refcheck",
]

[[package]]
name = "e2e"
version = "0.1.0"
dependencies = [
 "codecs",
 "libc",
 "md5",
 "oxideav-core",
 "player",
 "refcheck",
 "serde",
 "serde_json",
 "toml",
]

[[package]]
name = "equivalent"
version = "1.0.2"
source = "registry+https://github.com/rust-lang/crates.io-index"
checksum = "877a4ace8713b0bcf2a4e7eec82529c029f1d0619886d18145fea96c3ffe5c0f"

[[package]]
name = "find-msvc-tools"
version = "0.1.14"
source = "registry+https://github.com/rust-lang/crates.io-index"
checksum = "aedcfb3409746eddb02b9e19ebda1c3394f759a152e48ee875a0844d1b955484"

[[package]]
name = "generic-array"
version = "0.14.7"
source = "registry+https://github.com/rust-lang/crates.io-index"
checksum = "85649ca51fd72272d7821adaf274ad91c288277713d9c18820d8499a7ff69e9a"
dependencies = [
 "typenum",
 "version_check",
]

[[package]]
name = "getrandom"
version = "0.2.17"
source = "registry+https://github.com/rust-lang/crates.io-index"
checksum = "ff2abc00be7fca6ebc474524697ae276ad847ad0a6b3faa4bcb027e9a4614ad0"
dependencies = [
 "cfg-if",
 "libc",
 "wasi",
]

[[package]]
name = "hashbrown"
version = "0.17.1"
source = "registry+https://github.com/rust-lang/crates.io-index"
checksum = "ed5909b6e89a2db4456e54cd5f673791d7eca6732202bbf2a9cc504fe2f9b84a"

[[package]]
name = "http"
version = "1.5.0"
source = "registry+https://github.com/rust-lang/crates.io-index"
checksum = "918d3568bebf352712bc2ef3d46a8bcf1a75b373be6539de198e9105cbbf9ce0"
dependencies = [
 "bytes",
 "itoa",
]

[[package]]
name = "httparse"
version = "1.10.1"
source = "registry+https://github.com/rust-lang/crates.io-index"
checksum = "6dbf3de79e51f3d586ab4cb9d5c3e2c14aa28ed23d180cf89b4df0454a69cc87"

[[package]]
name = "indexmap"
version = "2.14.2"
source = "registry+https://github.com/rust-lang/crates.io-index"
checksum = "cc4e190f5d26ca7051642629da2c52fc03bde85a03197c99408dcd291734c855"
dependencies = [
 "equivalent",
 "hashbrown",
]

[[package]]
name = "inout"
version = "0.1.4"
source = "registry+https://github.com/rust-lang/crates.io-index"
checksum = "879f10e63c20629ecabbb64a8010319738c66a5cd0c29b02d63d272b03751d01"
dependencies = [
 "block-padding",
 "generic-array",
]

[[package]]
name = "intl"
version = "0.4.1"
source = "registry+https://github.com/rust-lang/crates.io-index"
checksum = "f5bfae726bb3f672d4f4b1f29cee6c74898a35230a4c794d8292c21129107f21"

[[package]]
name = "itoa"
version = "1.0.18"
source = "registry+https://github.com/rust-lang/crates.io-index"
checksum = "8f42a60cbdf9a97f5d2305f08a87dc4e09308d1276d28c869c684d7777685682"

[[package]]
name = "libc"
version = "0.2.190"
source = "registry+https://github.com/rust-lang/crates.io-index"
checksum = "ce5d3ddc6d3fa000eb1536d85e147bfe31aacaba692ed6a876f95cb7c855be78"

[[package]]
name = "lock_api"
version = "0.4.14"
source = "registry+https://github.com/rust-lang/crates.io-index"
checksum = "224399e74b87b5f3557511d98dff8b14089b3dadafcab6bb93eab67d3aace965"
dependencies = [
 "scopeguard",
]

[[package]]
name = "log"
version = "0.4.34"
source = "registry+https://github.com/rust-lang/crates.io-index"
checksum = "f9f8bd3e56ce4dfc153cf470fffbfa98c7620958b312ca5c3a4b8d5181fd13c6"

[[package]]
name = "md5"
version = "0.7.0"
source = "registry+https://github.com/rust-lang/crates.io-index"
checksum = "490cc448043f947bae3cbee9c203358d62dbee0db12107a74be5c30ccfd09771"

[[package]]
name = "memchr"
version = "2.8.3"
source = "registry+https://github.com/rust-lang/crates.io-index"
checksum = "cf8baf1c55e62ffcace7a9f06f4bd9cd3f0c4beb022d3b367256b91b87513d98"

[[package]]
name = "once_cell"
version = "1.21.4"
source = "registry+https://github.com/rust-lang/crates.io-index"
checksum = "9f7c3e4beb33f85d45ae3e3a1792185706c8e16d043238c593331cc7cd313b50"

[[package]]
name = "oxideav-aac"
version = "0.1.7"
source = "git+https://github.com/OxideAV/oxideav-aac?rev=fe8e4986fc748004d14e634428a9b2495ce6ed26#fe8e4986fc748004d14e634428a9b2495ce6ed26"
dependencies = [
 "oxideav-core",
]

[[package]]
name = "oxideav-ac3"
version = "0.0.11"
source = "git+https://github.com/OxideAV/oxideav-ac3?rev=99228831d2b29a35fe2b2035118a18f8cb0cae59#99228831d2b29a35fe2b2035118a18f8cb0cae59"
dependencies = [
 "oxideav-core",
]

[[package]]
name = "oxideav-adpcm"
version = "0.0.7"
source = "git+https://github.com/OxideAV/oxideav-adpcm?rev=0802fb34c6c57bfa8913670fe78882547416fd16#0802fb34c6c57bfa8913670fe78882547416fd16"
dependencies = [
 "oxideav-core",
]

[[package]]
name = "oxideav-ape"
version = "0.0.4"
source = "git+https://github.com/OxideAV/oxideav-ape?rev=ea6e8ca2848b18716a49ca6de0fe4d8d26d4893a#ea6e8ca2848b18716a49ca6de0fe4d8d26d4893a"
dependencies = [
 "oxideav-core",
]

[[package]]
name = "oxideav-ass"
version = "0.0.9"
source = "git+https://github.com/OxideAV/oxideav-ass?rev=e89607612ef19285c60b84f51ce5d34c72a493b1#e89607612ef19285c60b84f51ce5d34c72a493b1"
dependencies = [
 "oxideav-core",
 "oxideav-image-filter",
 "oxideav-raster",
 "oxideav-scribe",
 "oxideav-subtitle",
]

[[package]]
name = "oxideav-av1"
version = "0.1.20"
source = "git+https://github.com/OxideAV/oxideav-av1?rev=461e63a5bd634fe47a59c7a69cca153af1577c62#461e63a5bd634fe47a59c7a69cca153af1577c62"
dependencies = [
 "oxideav-core",
]

[[package]]
name = "oxideav-avi"
version = "0.0.10"
source = "git+https://github.com/OxideAV/oxideav-avi?rev=2a5aa9fc78381d4d8db1d066849bc35ce6ad9442#2a5aa9fc78381d4d8db1d066849bc35ce6ad9442"
dependencies = [
 "oxideav-core",
]

[[package]]
name = "oxideav-basic"
version = "0.0.10"
source = "git+https://github.com/OxideAV/oxideav-basic?rev=c44bb55f9f94e18ede7e9267493b0b6776a8e1c4#c44bb55f9f94e18ede7e9267493b0b6776a8e1c4"
dependencies = [
 "oxideav-core",
]

[[package]]
name = "oxideav-cinepak"
version = "0.0.3"
source = "git+https://github.com/OxideAV/oxideav-cinepak?rev=4dae215ff7509dfd7e2e7d1bae72128630ccce7d#4dae215ff7509dfd7e2e7d1bae72128630ccce7d"
dependencies = [
 "oxideav-core",
]

[[package]]
name = "oxideav-cook"
version = "0.0.2"
source = "git+https://github.com/OxideAV/oxideav-cook?rev=f8584e427c6f87de24e2f2de124e0242824f7006#f8584e427c6f87de24e2f2de124e0242824f7006"
dependencies = [
 "oxideav-core",
]

[[package]]
name = "oxideav-core"
version = "0.1.37"
source = "git+https://github.com/OxideAV/oxideav-core?rev=b686be3fbe361f608b1a729164765beb09b1381a#b686be3fbe361f608b1a729164765beb09b1381a"
dependencies = [
 "bytemuck",
 "serde_json",
 "thiserror",
]

[[package]]
name = "oxideav-dirac"
version = "0.0.9"
source = "git+https://github.com/OxideAV/oxideav-dirac?rev=1315f66f5f222dcafa5594bee401c797e5f5a769#1315f66f5f222dcafa5594bee401c797e5f5a769"
dependencies = [
 "oxideav-core",
]

[[package]]
name = "oxideav-dts"
version = "0.0.1"
source = "git+https://github.com/OxideAV/oxideav-dts?rev=9a7c128366aa4914331825e3b5d40a3d3304c090#9a7c128366aa4914331825e3b5d40a3d3304c090"
dependencies = [
 "oxideav-core",
]

[[package]]
name = "oxideav-dvd"
version = "0.0.4"
source = "git+https://github.com/OxideAV/oxideav-dvd?rev=f237f8c05fb3a70d0d9c7e7c99c56110c570d849#f237f8c05fb3a70d0d9c7e7c99c56110c570d849"
dependencies = [
 "oxideav-core",
]

[[package]]
name = "oxideav-flac"
version = "0.0.11"
source = "git+https://github.com/OxideAV/oxideav-flac?rev=cfcc7c4359d1f97d39c228dfd95ed46e9246b458#cfcc7c4359d1f97d39c228dfd95ed46e9246b458"
dependencies = [
 "oxideav-core",
 "oxideav-id3",
]

[[package]]
name = "oxideav-flv"
version = "0.0.5"
source = "git+https://github.com/OxideAV/oxideav-flv?rev=02e9158a20786a214a707da2f4ae7650146f3b3e#02e9158a20786a214a707da2f4ae7650146f3b3e"
dependencies = [
 "oxideav-core",
]

[[package]]
name = "oxideav-g711"
version = "0.0.8"
source = "git+https://github.com/OxideAV/oxideav-g711?rev=72af018b7c04e8c3aacc6c0b7628cd6e43cde37a#72af018b7c04e8c3aacc6c0b7628cd6e43cde37a"
dependencies = [
 "oxideav-core",
]

[[package]]
name = "oxideav-h261"
version = "0.0.7"
source = "git+https://github.com/OxideAV/oxideav-h261?rev=bba9abb79f6e54cefa189ea92997a91dd46e1e56#bba9abb79f6e54cefa189ea92997a91dd46e1e56"
dependencies = [
 "oxideav-core",
 "oxideav-pixfmt",
]

[[package]]
name = "oxideav-h263"
version = "0.0.10"
source = "git+https://github.com/OxideAV/oxideav-h263?rev=25bf0a12102969034d57ab96f29e686d8d61ddc3#25bf0a12102969034d57ab96f29e686d8d61ddc3"
dependencies = [
 "oxideav-core",
]

[[package]]
name = "oxideav-h264"
version = "0.1.8"
source = "git+https://github.com/OxideAV/oxideav-h264?rev=9392f7330f2bccafdc3cd175e16f568abbed9430#9392f7330f2bccafdc3cd175e16f568abbed9430"
dependencies = [
 "oxideav-core",
 "thiserror",
]

[[package]]
name = "oxideav-h265"
version = "0.0.14"
source = "git+https://github.com/OxideAV/oxideav-h265?rev=66097811d122959efcc9e07e20810d46ee18e3e2#66097811d122959efcc9e07e20810d46ee18e3e2"
dependencies = [
 "oxideav-core",
]

[[package]]
name = "oxideav-http"
version = "0.0.8"
source = "git+https://github.com/OxideAV/oxideav-http?rev=f54f106e1e131300387d1df1a71d2686690ccdca#f54f106e1e131300387d1df1a71d2686690ccdca"
dependencies = [
 "oxideav-core",
 "oxideav-source",
 "ureq",
]

[[package]]
name = "oxideav-id3"
version = "0.0.6"
source = "git+https://github.com/OxideAV/oxideav-id3?rev=d1b462e3da204f2010844648cf1a6bbc65f10dd0#d1b462e3da204f2010844648cf1a6bbc65f10dd0"
dependencies = [
 "compcol",
 "oxideav-core",
]

[[package]]
name = "oxideav-iff"
version = "0.0.11"
source = "git+https://github.com/OxideAV/oxideav-iff?rev=5a4bdb43c14007975137543ecf1aa8fa6e4a476c#5a4bdb43c14007975137543ecf1aa8fa6e4a476c"
dependencies = [
 "oxideav-core",
]

[[package]]
name = "oxideav-image-filter"
version = "0.1.2"
source = "git+https://github.com/OxideAV/oxideav-image-filter?rev=601f4fe832e31fdd9dc3f2bf171389cc09f0dd68#601f4fe832e31fdd9dc3f2bf171389cc09f0dd68"
dependencies = [
 "oxideav-core",
 "serde_json",
]

[[package]]
name = "oxideav-indeo"
version = "0.0.1"
source = "git+https://github.com/OxideAV/oxideav-indeo?rev=c5352660dd42d5d16d50cba0388b21b4fbeb037a#c5352660dd42d5d16d50cba0388b21b4fbeb037a"
dependencies = [
 "oxideav-core",
]

[[package]]
name = "oxideav-midi"
version = "0.0.5"
source = "git+https://github.com/OxideAV/oxideav-midi?rev=cf1b26b7b44b3427e78378c2b74e80e695c12e58#cf1b26b7b44b3427e78378c2b74e80e695c12e58"
dependencies = [
 "oxideav-core",
]

[[package]]
name = "oxideav-mjpeg"
version = "0.1.11"
source = "git+https://github.com/OxideAV/oxideav-mjpeg?rev=3e8f65f5c36d1dddbc481512487c6e8cd86e6f03#3e8f65f5c36d1dddbc481512487c6e8cd86e6f03"
dependencies = [
 "oxideav-core",
]

[[package]]
name = "oxideav-mkv"
version = "0.0.11"
source = "git+https://github.com/OxideAV/oxideav-mkv?rev=c0966a663803e7e3506f4e6330f6d89fa2410966#c0966a663803e7e3506f4e6330f6d89fa2410966"
dependencies = [
 "oxideav-core",
]

[[package]]
name = "oxideav-mod"
version = "0.0.10"
source = "git+https://github.com/OxideAV/oxideav-mod?rev=f509819bc977ac4d499fb95f1156bc536a9a964f#f509819bc977ac4d499fb95f1156bc536a9a964f"
dependencies = [
 "oxideav-core",
]

[[package]]
name = "oxideav-mov"
version = "0.0.6"
source = "git+https://github.com/OxideAV/oxideav-mov?rev=deccbd8c6c728d9ab2bda6c70ffec22967884dc8#deccbd8c6c728d9ab2bda6c70ffec22967884dc8"
dependencies = [
 "compcol",
 "oxideav-core",
]

[[package]]
name = "oxideav-mp1"
version = "0.0.7"
source = "git+https://github.com/OxideAV/oxideav-mp1?rev=e01e2d0dfa651f39d5ba05ee3129b7144282dceb#e01e2d0dfa651f39d5ba05ee3129b7144282dceb"
dependencies = [
 "oxideav-core",
]

[[package]]
name = "oxideav-mp2"
version = "0.0.10"
source = "git+https://github.com/OxideAV/oxideav-mp2?rev=701c9e6b7b3bce9c72e56453633b53429c387180#701c9e6b7b3bce9c72e56453633b53429c387180"
dependencies = [
 "oxideav-core",
]

[[package]]
name = "oxideav-mp3"
version = "0.1.3"
source = "git+https://github.com/OxideAV/oxideav-mp3?rev=eef86cb33fe7f334c2b9ec64ec8342ddbd595d08#eef86cb33fe7f334c2b9ec64ec8342ddbd595d08"
dependencies = [
 "oxideav-core",
]

[[package]]
name = "oxideav-mp4"
version = "0.0.10"
source = "git+https://github.com/OxideAV/oxideav-mp4?rev=2bcca725fb8d450fc4aad60cb3528a981878af41#2bcca725fb8d450fc4aad60cb3528a981878af41"
dependencies = [
 "aes",
 "cbc",
 "ctr",
 "oxideav-core",
]

[[package]]
name = "oxideav-mpeg12video"
version = "0.0.13"
source = "git+https://github.com/OxideAV/oxideav-mpeg12video?rev=aac677c54865e6fce01f576876cf564b327c09bf#aac677c54865e6fce01f576876cf564b327c09bf"
dependencies = [
 "oxideav-core",
]

[[package]]
name = "oxideav-mpeg4video"
version = "0.1.8"
source = "git+https://github.com/OxideAV/oxideav-mpeg4video?rev=bd44688135e9894e8b58b8fca1c0a286406ab1af#bd44688135e9894e8b58b8fca1c0a286406ab1af"
dependencies = [
 "oxideav-core",
]

[[package]]
name = "oxideav-mpegts"
version = "0.0.3"
source = "git+https://github.com/OxideAV/oxideav-mpegts?rev=0162e6db4e7b60d2c10ba52c1339a6f65c7ce9a3#0162e6db4e7b60d2c10ba52c1339a6f65c7ce9a3"
dependencies = [
 "oxideav-core",
 "thiserror",
]

[[package]]
name = "oxideav-msmpeg4"
version = "0.0.10"
source = "git+https://github.com/OxideAV/oxideav-msmpeg4?rev=f0de9a8c24ca29c79ee453a39f8c4a052334c8a9#f0de9a8c24ca29c79ee453a39f8c4a052334c8a9"
dependencies = [
 "oxideav-core",
]

[[package]]
name = "oxideav-musepack"
version = "0.0.4"
source = "git+https://github.com/OxideAV/oxideav-musepack?rev=c60b07708683e0e25c6e0007bffbb887e03876f7#c60b07708683e0e25c6e0007bffbb887e03876f7"
dependencies = [
 "oxideav-core",
]

[[package]]
name = "oxideav-ogg"
version = "0.1.9"
source = "git+https://github.com/OxideAV/oxideav-ogg?rev=0ad414f1f3db6dd28a658e63d4c83ffcb6ea4745#0ad414f1f3db6dd28a658e63d4c83ffcb6ea4745"
dependencies = [
 "oxideav-core",
]

[[package]]
name = "oxideav-opus"
version = "0.0.14"
source = "git+https://github.com/OxideAV/oxideav-opus?rev=fd97e6110860d21a69c76ba4d051984486fea9fb#fd97e6110860d21a69c76ba4d051984486fea9fb"
dependencies = [
 "oxideav-core",
]

[[package]]
name = "oxideav-otf"
version = "0.1.5"
source = "git+https://github.com/OxideAV/oxideav-otf?rev=554299a740ce7236bf2c5e751bb7df5befd52dd0#554299a740ce7236bf2c5e751bb7df5befd52dd0"
dependencies = [
 "oxideav-core",
]

[[package]]
name = "oxideav-pixfmt"
version = "0.1.9"
source = "git+https://github.com/OxideAV/oxideav-pixfmt?rev=82b63ba210c097fc62bea63d98412ed88823fd77#82b63ba210c097fc62bea63d98412ed88823fd77"
dependencies = [
 "oxideav-core",
]

[[package]]
name = "oxideav-png"
version = "0.1.11"
source = "git+https://github.com/OxideAV/oxideav-png?rev=39bdba2cfd11545056934f12482afd56be3b7628#39bdba2cfd11545056934f12482afd56be3b7628"
dependencies = [
 "compcol",
 "oxideav-core",
]

[[package]]
name = "oxideav-raster"
version = "0.1.3"
source = "git+https://github.com/OxideAV/oxideav-raster?rev=e601465cb38e4ac77b384265bf51d3e9b7e29d8e#e601465cb38e4ac77b384265bf51d3e9b7e29d8e"
dependencies = [
 "oxideav-core",
 "oxideav-pixfmt",
]

[[package]]
name = "oxideav-s3m"
version = "0.0.9"
source = "git+https://github.com/OxideAV/oxideav-s3m?rev=6da2027ae868a37a2aab6aa3fcc57143f01113c8#6da2027ae868a37a2aab6aa3fcc57143f01113c8"
dependencies = [
 "oxideav-core",
]

[[package]]
name = "oxideav-scribe"
version = "0.1.10"
source = "git+https://github.com/OxideAV/oxideav-scribe?rev=bc27a9820c2abca73cb04f5e9e1a2e989ca302aa#bc27a9820c2abca73cb04f5e9e1a2e989ca302aa"
dependencies = [
 "intl",
 "oxideav-core",
 "oxideav-otf",
 "oxideav-png",
 "oxideav-ttf",
]

[[package]]
name = "oxideav-source"
version = "0.1.5"
source = "git+https://github.com/OxideAV/oxideav-source?rev=7577057231b8e650d0690b762cf189eca16f1ed7#7577057231b8e650d0690b762cf189eca16f1ed7"
dependencies = [
 "oxideav-core",
]

[[package]]
name = "oxideav-speex"
version = "0.0.10"
source = "git+https://github.com/OxideAV/oxideav-speex?rev=8886c67204b1464a5ed1bd32c29f5501dd3cae91#8886c67204b1464a5ed1bd32c29f5501dd3cae91"
dependencies = [
 "oxideav-core",
]

[[package]]
name = "oxideav-sub-image"
version = "0.0.7"
source = "git+https://github.com/OxideAV/oxideav-sub-image?rev=18a79e94675bf5acab88b3e06b82d117b53659c0#18a79e94675bf5acab88b3e06b82d117b53659c0"
dependencies = [
 "oxideav-core",
]

[[package]]
name = "oxideav-subtitle"
version = "0.1.2"
source = "git+https://github.com/OxideAV/oxideav-subtitle?rev=03f3aa41d2ea8d8baaadaef8030061c66c2338c9#03f3aa41d2ea8d8baaadaef8030061c66c2338c9"
dependencies = [
 "oxideav-core",
 "oxideav-pixfmt",
 "oxideav-raster",
 "oxideav-scribe",
]

[[package]]
name = "oxideav-svq"
version = "0.0.3"
source = "git+https://github.com/OxideAV/oxideav-svq?rev=afb738670f7c73735142d7ef49d529918bce84fe#afb738670f7c73735142d7ef49d529918bce84fe"
dependencies = [
 "oxideav-core",
]

[[package]]
name = "oxideav-theora"
version = "0.0.12"
source = "git+https://github.com/OxideAV/oxideav-theora?rev=bd07b92ecfe0781de8fb1278fbf26e642e2311ad#bd07b92ecfe0781de8fb1278fbf26e642e2311ad"
dependencies = [
 "oxideav-core",
]

[[package]]
name = "oxideav-tta"
version = "0.0.4"
source = "git+https://github.com/OxideAV/oxideav-tta?rev=53432dc2b2de77f0b6de6e55f7e742fbdd11b04f#53432dc2b2de77f0b6de6e55f7e742fbdd11b04f"
dependencies = [
 "oxideav-core",
]

[[package]]
name = "oxideav-ttf"
version = "0.1.8"
source = "git+https://github.com/OxideAV/oxideav-ttf?rev=ecea11566de6c72439c0b3bbdef85926db892cc9#ecea11566de6c72439c0b3bbdef85926db892cc9"
dependencies = [
 "oxideav-core",
]

[[package]]
name = "oxideav-vc2"
version = "0.0.2"
source = "git+https://github.com/OxideAV/oxideav-vc2?rev=030172fe33153c5072116146d299568f7b0b3db5#030172fe33153c5072116146d299568f7b0b3db5"
dependencies = [
 "oxideav-core",
]

[[package]]
name = "oxideav-vorbis"
version = "0.0.12"
source = "git+https://github.com/OxideAV/oxideav-vorbis?rev=6cb1c5c58f2987459e0f2441c0a4d9e9decb89bf#6cb1c5c58f2987459e0f2441c0a4d9e9decb89bf"
dependencies = [
 "oxideav-core",
 "oxideav-ogg",
]

[[package]]
name = "oxideav-vp6"
version = "0.0.9"
source = "git+https://github.com/OxideAV/oxideav-vp6?rev=580fb6b7f25facf1b3d409c16aeac7be725f33f7#580fb6b7f25facf1b3d409c16aeac7be725f33f7"
dependencies = [
 "oxideav-core",
]

[[package]]
name = "oxideav-vp8"
version = "0.2.7"
source = "git+https://github.com/OxideAV/oxideav-vp8?rev=fb852a4896dd48f1d5d1a05c471ada8a0208b029#fb852a4896dd48f1d5d1a05c471ada8a0208b029"
dependencies = [
 "oxideav-core",
]

[[package]]
name = "oxideav-vp9"
version = "0.0.13"
source = "git+https://github.com/OxideAV/oxideav-vp9?rev=68e069a4903491474508d76222e8243686b2e9e2#68e069a4903491474508d76222e8243686b2e9e2"
dependencies = [
 "oxideav-core",
]

[[package]]
name = "oxideav-wavpack"
version = "0.0.3"
source = "git+https://github.com/OxideAV/oxideav-wavpack?rev=148aed0f4a5403738a963915019082accfdfab44#148aed0f4a5403738a963915019082accfdfab44"
dependencies = [
 "oxideav-core",
]

[[package]]
name = "oxideav-wma"
version = "0.0.4"
source = "git+https://github.com/OxideAV/oxideav-wma?rev=ab1eeb2acb51388d5da21e735723ac05bd7226fe#ab1eeb2acb51388d5da21e735723ac05bd7226fe"
dependencies = [
 "oxideav-core",
]

[[package]]
name = "parking_lot"
version = "0.12.5"
source = "registry+https://github.com/rust-lang/crates.io-index"
checksum = "93857453250e3077bd71ff98b6a65ea6621a19bb0f559a85248955ac12c45a1a"
dependencies = [
 "lock_api",
 "parking_lot_core",
]

[[package]]
name = "parking_lot_core"
version = "0.9.12"
source = "registry+https://github.com/rust-lang/crates.io-index"
checksum = "2621685985a2ebf1c516881c026032ac7deafcda1a2c9b7850dc81e3dfcb64c1"
dependencies = [
 "cfg-if",
 "libc",
 "redox_syscall",
 "smallvec",
 "windows-link",
]

[[package]]
name = "percent-encoding"
version = "2.3.2"
source = "registry+https://github.com/rust-lang/crates.io-index"
checksum = "9b4f627cb1b25917193a259e49bdad08f671f8d9708acfd5fe0a8c1455d87220"

[[package]]
name = "player"
version = "0.1.0"
dependencies = [
 "codecs",
 "libc",
 "md5",
 "oxideav-ass",
 "oxideav-core",
 "oxideav-http",
 "oxideav-subtitle",
 "parking_lot",
 "refcheck",
 "thiserror",
]

[[package]]
name = "proc-macro2"
version = "1.0.107"
source = "registry+https://github.com/rust-lang/crates.io-index"
checksum = "985e7ec9bb745e6ce6535b544d84d6cd6f7ad8bd711c398938ae983b91a766d9"
dependencies = [
 "unicode-ident",
]

[[package]]
name = "quote"
version = "1.0.47"
source = "registry+https://github.com/rust-lang/crates.io-index"
checksum = "1fbf4db142a473a8d80c26bbf18454ed458bf8d26c8219c331daecfdbd079001"
dependencies = [
 "proc-macro2",
]

[[package]]
name = "redox_syscall"
version = "0.5.18"
source = "registry+https://github.com/rust-lang/crates.io-index"
checksum = "ed2bf2547551a7053d6fdfafda3f938979645c44812fbfcda098faae3f1a362d"
dependencies = [
 "bitflags",
]

[[package]]
name = "refcheck"
version = "0.1.0"
dependencies = [
 "md5",
 "oxideav-core",
]

[[package]]
name = "ring"
version = "0.17.14"
source = "registry+https://github.com/rust-lang/crates.io-index"
checksum = "a4689e6c2294d81e88dc6261c768b63bc4fcdb852be6d1352498b114f61383b7"
dependencies = [
 "cc",
 "cfg-if",
 "getrandom",
 "libc",
 "untrusted",
 "windows-sys",
]

[[package]]
name = "rustls"
version = "0.23.45"
source = "registry+https://github.com/rust-lang/crates.io-index"
checksum = "0d41d731c7d2f962d1ccc364cec258de3c0e93b38c2fb3ba97ac74513048d634"
dependencies = [
 "log",
 "once_cell",
 "ring",
 "rustls-pki-types",
 "rustls-webpki",
 "subtle",
 "zeroize",
]

[[package]]
name = "rustls-pki-types"
version = "1.15.1"
source = "registry+https://github.com/rust-lang/crates.io-index"
checksum = "2f4925028c7eb5d1fcdaf196971378ed9d2c1c4efc7dc5d011256f76c99c0a96"
dependencies = [
 "zeroize",
]

[[package]]
name = "rustls-webpki"
version = "0.103.15"
source = "registry+https://github.com/rust-lang/crates.io-index"
checksum = "f3c3cf1d8b1e7d4927e2d154c3fcb02979afb9939629c62cd9048d4f07b60ac2"
dependencies = [
 "ring",
 "rustls-pki-types",
 "untrusted",
]

[[package]]
name = "scopeguard"
version = "1.2.0"
source = "registry+https://github.com/rust-lang/crates.io-index"
checksum = "94143f37725109f92c262ed2cf5e59bce7498c01bcc1502d7b9afe439a4e9f49"

[[package]]
name = "serde"
version = "1.0.229"
source = "registry+https://github.com/rust-lang/crates.io-index"
checksum = "4148590afebada386688f18773da617792bf2ef03ffc1e4cbd2b1d45b023e0ba"
dependencies = [
 "serde_core",
 "serde_derive",
]

[[package]]
name = "serde_core"
version = "1.0.229"
source = "registry+https://github.com/rust-lang/crates.io-index"
checksum = "67dca2c9c51e58a4791a4b1ed58308b39c64224d349a935ab5039aa360942a48"
dependencies = [
 "serde_derive",
]

[[package]]
name = "serde_derive"
version = "1.0.229"
source = "registry+https://github.com/rust-lang/crates.io-index"
checksum = "e7a5d71263a5a7d47b41f6b3f06ba276f10cc18b0931f1799f710578e2309348"
dependencies = [
 "proc-macro2",
 "quote",
 "syn",
]

[[package]]
name = "serde_json"
version = "1.0.151"
source = "registry+https://github.com/rust-lang/crates.io-index"
checksum = "c841b55ecdae098c80dcae9cf767f6f8a0c2cdb3416bbef72181df4d0fe73f14"
dependencies = [
 "itoa",
 "memchr",
 "serde",
 "serde_core",
 "zmij",
]

[[package]]
name = "serde_spanned"
version = "0.6.9"
source = "registry+https://github.com/rust-lang/crates.io-index"
checksum = "bf41e0cfaf7226dca15e8197172c295a782857fcb97fad1808a166870dee75a3"
dependencies = [
 "serde",
]

[[package]]
name = "shlex"
version = "2.0.1"
source = "registry+https://github.com/rust-lang/crates.io-index"
checksum = "f8fadd59c855ef2080decdef8ff161eb6661b86933c9d82e5ba29dc602a55aba"

[[package]]
name = "smallvec"
version = "1.16.2"
source = "registry+https://github.com/rust-lang/crates.io-index"
checksum = "f9395f0f0eee849a9b707b2f06bb92a6a422090e2123bb2ef8e87a0e61892a8e"

[[package]]
name = "subtle"
version = "2.6.1"
source = "registry+https://github.com/rust-lang/crates.io-index"
checksum = "13c2bddecc57b384dee18652358fb23172facb8a2c51ccc10d74c157bdea3292"

[[package]]
name = "syn"
version = "3.0.6"
source = "registry+https://github.com/rust-lang/crates.io-index"
checksum = "8593e8e72159ed2257d083c7a454a85cbf854f37a0966d8d483aff8c8a3ebcee"
dependencies = [
 "proc-macro2",
 "quote",
 "unicode-ident",
]

[[package]]
name = "thiserror"
version = "2.0.21"
source = "registry+https://github.com/rust-lang/crates.io-index"
checksum = "09e52cb86a36cede5cb101bf8908837b3e4c6e5e59fe7fd85c23fb56200d189e"
dependencies = [
 "thiserror-impl",
]

[[package]]
name = "thiserror-impl"
version = "2.0.21"
source = "registry+https://github.com/rust-lang/crates.io-index"
checksum = "fe5197923287db20a58125f0bc85c062f7f2c892de97b18c356f9efb14b28524"
dependencies = [
 "proc-macro2",
 "quote",
 "syn",
]

[[package]]
name = "toml"
version = "0.8.23"
source = "registry+https://github.com/rust-lang/crates.io-index"
checksum = "dc1beb996b9d83529a9e75c17a1686767d148d70663143c7854d8b4a09ced362"
dependencies = [
 "serde",
 "serde_spanned",
 "toml_datetime",
 "toml_edit",
]

[[package]]
name = "toml_datetime"
version = "0.6.11"
source = "registry+https://github.com/rust-lang/crates.io-index"
checksum = "22cddaf88f4fbc13c51aebbf5f8eceb5c7c5a9da2ac40a13519eb5b0a0e8f11c"
dependencies = [
 "serde",
]

[[package]]
name = "toml_edit"
version = "0.22.27"
source = "registry+https://github.com/rust-lang/crates.io-index"
checksum = "41fe8c660ae4257887cf66394862d21dbca4a6ddd26f04a3560410406a2f819a"
dependencies = [
 "indexmap",
 "serde",
 "serde_spanned",
 "toml_datetime",
 "toml_write",
 "winnow",
]

[[package]]
name = "toml_write"
version = "0.1.2"
source = "registry+https://github.com/rust-lang/crates.io-index"
checksum = "5d99f8c9a7727884afe522e9bd5edbfc91a3312b36a77b5fb8926e4c31a41801"

[[package]]
name = "typenum"
version = "1.20.1"
source = "registry+https://github.com/rust-lang/crates.io-index"
checksum = "b6f5e870be6c3b371b77fe0ee0bafb859fa4964b4404c27de1d380043c4dda20"

[[package]]
name = "unicode-ident"
version = "1.0.26"
source = "registry+https://github.com/rust-lang/crates.io-index"
checksum = "d245f478577f809a851594d02313b640fb437e0bb33866753cff937863096954"

[[package]]
name = "untrusted"
version = "0.9.0"
source = "registry+https://github.com/rust-lang/crates.io-index"
checksum = "8ecb6da28b8a351d773b68d5825ac39017e680750f980f3a1a85cd8dd28a47c1"

[[package]]
name = "ureq"
version = "3.4.2"
source = "registry+https://github.com/rust-lang/crates.io-index"
checksum = "9a7ac20be9b7726e0bbdbf974c059676d9acb1cd414961f570a4e8231cacd7fc"
dependencies = [
 "base64",
 "log",
 "percent-encoding",
 "rustls",
 "rustls-pki-types",
 "ureq-proto",
 "utf8-zero",
 "webpki-roots",
]

[[package]]
name = "ureq-proto"
version = "0.6.4"
source = "registry+https://github.com/rust-lang/crates.io-index"
checksum = "f86fd172ccca569e458f61b6bdd6220965a9ef36e672a6852953b51a0e1583be"
dependencies = [
 "base64",
 "http",
 "httparse",
 "log",
]

[[package]]
name = "utf8-zero"
version = "0.8.1"
source = "registry+https://github.com/rust-lang/crates.io-index"
checksum = "b8c0a043c9540bae7c578c88f91dda8bd82e59ae27c21baca69c8b191aaf5a6e"

[[package]]
name = "version_check"
version = "0.9.5"
source = "registry+https://github.com/rust-lang/crates.io-index"
checksum = "0b928f33d975fc6ad9f86c8f283853ad26bdd5b10b7f1542aa2fa15e2289105a"

[[package]]
name = "wasi"
version = "0.11.1+wasi-snapshot-preview1"
source = "registry+https://github.com/rust-lang/crates.io-index"
checksum = "ccf3ec651a847eb01de73ccad15eb7d99f80485de043efb2f370cd654f4ea44b"

[[package]]
name = "webpki-roots"
version = "1.0.9"
source = "registry+https://github.com/rust-lang/crates.io-index"
checksum = "7dcd9d09a39985f5344844e66b0c530a33843579125f23e21e9f0f220850f22a"
dependencies = [
 "rustls-pki-types",
]

[[package]]
name = "windows-link"
version = "0.2.1"
source = "registry+https://github.com/rust-lang/crates.io-index"
checksum = "f0805222e57f7521d6a62e36fa9163bc891acd422f971defe97d64e70d0a4fe5"

[[package]]
name = "windows-sys"
version = "0.52.0"
source = "registry+https://github.com/rust-lang/crates.io-index"
checksum = "282be5f36a8ce781fad8c8ae18fa3f9beff57ec1b52cb3de0789201425d9a33d"
dependencies = [
 "windows-targets",
]

[[package]]
name = "windows-targets"
version = "0.52.6"
source = "registry+https://github.com/rust-lang/crates.io-index"
checksum = "9b724f72796e036ab90c1021d4780d4d3d648aca59e491e6b98e725b84e99973"
dependencies = [
 "windows_aarch64_gnullvm",
 "windows_aarch64_msvc",
 "windows_i686_gnu",
 "windows_i686_gnullvm",
 "windows_i686_msvc",
 "windows_x86_64_gnu",
 "windows_x86_64_gnullvm",
 "windows_x86_64_msvc",
]

[[package]]
name = "windows_aarch64_gnullvm"
version = "0.52.6"
source = "registry+https://github.com/rust-lang/crates.io-index"
checksum = "32a4622180e7a0ec044bb555404c800bc9fd9ec262ec147edd5989ccd0c02cd3"

[[package]]
name = "windows_aarch64_msvc"
version = "0.52.6"
source = "registry+https://github.com/rust-lang/crates.io-index"
checksum = "09ec2a7bb152e2252b53fa7803150007879548bc709c039df7627cabbd05d469"

[[package]]
name = "windows_i686_gnu"
version = "0.52.6"
source = "registry+https://github.com/rust-lang/crates.io-index"
checksum = "8e9b5ad5ab802e97eb8e295ac6720e509ee4c243f69d781394014ebfe8bbfa0b"

[[package]]
name = "windows_i686_gnullvm"
version = "0.52.6"
source = "registry+https://github.com/rust-lang/crates.io-index"
checksum = "0eee52d38c090b3caa76c563b86c3a4bd71ef1a819287c19d586d7334ae8ed66"

[[package]]
name = "windows_i686_msvc"
version = "0.52.6"
source = "registry+https://github.com/rust-lang/crates.io-index"
checksum = "240948bc05c5e7c6dabba28bf89d89ffce3e303022809e73deaefe4f6ec56c66"

[[package]]
name = "windows_x86_64_gnu"
version = "0.52.6"
source = "registry+https://github.com/rust-lang/crates.io-index"
checksum = "147a5c80aabfbf0c7d901cb5895d1de30ef2907eb21fbbab29ca94c5b08b1a78"

[[package]]
name = "windows_x86_64_gnullvm"
version = "0.52.6"
source = "registry+https://github.com/rust-lang/crates.io-index"
checksum = "24d5b23dc417412679681396f2b49f3de8c1473deb516bd34410872eff51ed0d"

[[package]]
name = "windows_x86_64_msvc"
version = "0.52.6"
source = "registry+https://github.com/rust-lang/crates.io-index"
checksum = "589f6da84c646204747d1270a2a5661ea66ed1cced2631d546fdfb155959f9ec"

[[package]]
name = "winnow"
version = "0.7.15"
source = "registry+https://github.com/rust-lang/crates.io-index"
checksum = "df79d97927682d2fd8adb29682d1140b343be4ac0f08fd68b7765d9c059d3945"
dependencies = [
 "memchr",
]

[[package]]
name = "zeroize"
version = "1.9.0"
source = "registry+https://github.com/rust-lang/crates.io-index"
checksum = "e13c156562582aa81c60cb29407084cdb54c4164760106ab78e6c5b0858cf64e"

[[package]]
name = "zmij"
version = "1.0.23"
source = "registry+https://github.com/rust-lang/crates.io-index"
checksum = "29666d0abbfad1e3dc4dcf6144730dd3a3ab225bbbdac83319345b1b44ccfc1b"
